
Microsoft Visual Studio Solution File, Format Version 10.00
# Visual Studio 2008
Project("{FAE04EC0-301F-11D3-BF4B-00C04F79EFBC}") = "SharpOT", "SharpOT.csproj", "{AC45441C-CEA3-4E04-BD10-8BF094A1A1A7}"
EndProject
Project("{FAE04EC0-301F-11D3-BF4B-00C04F79EFBC}") = "SharpOTMapTracker", "MapTracker\SharpOTMapTracker.csproj", "{7272B921-F4EF-472F-860E-3FA9A489B988}"
EndProject
Project("{FAE04EC0-301F-11D3-BF4B-00C04F79EFBC}") = "TibiaAPI", "..\TibiaAPI\tibiaapi\TibiaAPI.csproj", "{4D132EB7-B97D-461D-85CF-949FF5A7BA96}"
EndProject
Global
	GlobalSection(SolutionConfigurationPlatforms) = preSolution
		Debug|Any CPU = Debug|Any CPU
		Release|Any CPU = Release|Any CPU
	EndGlobalSection
	GlobalSection(ProjectConfigurationPlatforms) = postSolution
		{AC45441C-CEA3-4E04-BD10-8BF094A1A1A7}.Debug|Any CPU.ActiveCfg = Debug|Any CPU
		{AC45441C-CEA3-4E04-BD10-8BF094A1A1A7}.Debug|Any CPU.Build.0 = Debug|Any CPU
		{AC45441C-CEA3-4E04-BD10-8BF094A1A1A7}.Release|Any CPU.ActiveCfg = Release|Any CPU
		{AC45441C-CEA3-4E04-BD10-8BF094A1A1A7}.Release|Any CPU.Build.0 = Release|Any CPU
		{7272B921-F4EF-472F-860E-3FA9A489B988}.Debug|Any CPU.ActiveCfg = Debug|Any CPU
		{7272B921-F4EF-472F-860E-3FA9A489B988}.Debug|Any CPU.Build.0 = Debug|Any CPU
		{7272B921-F4EF-472F-860E-3FA9A489B988}.Release|Any CPU.ActiveCfg = Release|Any CPU
		{7272B921-F4EF-472F-860E-3FA9A489B988}.Release|Any CPU.Build.0 = Release|Any CPU
		{4D132EB7-B97D-461D-85CF-949FF5A7BA96}.Debug|Any CPU.ActiveCfg = Debug|Any CPU
		{4D132EB7-B97D-461D-85CF-949FF5A7BA96}.Debug|Any CPU.Build.0 = Debug|Any CPU
		{4D132EB7-B97D-461D-85CF-949FF5A7BA96}.Release|Any CPU.ActiveCfg = Release|Any CPU
		{4D132EB7-B97D-461D-85CF-949FF5A7BA96}.Release|Any CPU.Build.0 = Release|Any CPU
	EndGlobalSection
	GlobalSection(SolutionProperties) = preSolution
		HideSolutionNode = FALSE
	EndGlobalSection
EndGlobal
